Microsoft Visual Studio Solution File, Format Version 12.00
# Visual Studio Version 17
VisualStudioVersion = 17.5.2.0
MinimumVisualStudioVersion = 10.0.40219.1
Project("{FAE04EC0-301F-11D3-BF4B-00C04F79EFBC}") = "GASCAR.API", "GASCAR.API\GASCAR.API.csproj", "{7C1DC1D3-CD45-60D6-BA92-82DB0EA1C62C}"
EndProject
Global
	GlobalSection(SolutionConfigurationPlatforms) = preSolution
		Debug|Any CPU = Debug|Any CPU
		Release|Any CPU = Release|Any CPU
	EndGlobalSection
	GlobalSection(ProjectConfigurationPlatforms) = postSolution
		{7C1DC1D3-CD45-60D6-BA92-82DB0EA1C62C}.Debug|Any CPU.ActiveCfg = Debug|Any CPU
		{7C1DC1D3-CD45-60D6-BA92-82DB0EA1C62C}.Debug|Any CPU.Build.0 = Debug|Any CPU
		{7C1DC1D3-CD45-60D6-BA92-82DB0EA1C62C}.Release|Any CPU.ActiveCfg = Release|Any CPU
		{7C1DC1D3-CD45-60D6-BA92-82DB0EA1C62C}.Release|Any CPU.Build.0 = Release|Any CPU
	EndGlobalSection
	GlobalSection(SolutionProperties) = preSolution
		HideSolutionNode = FALSE
	EndGlobalSection
	GlobalSection(ExtensibilityGlobals) = postSolution
		SolutionGuid = {908159B9-EA0C-4AF2-A242-B532CFDB83DC}
	EndGlobalSection
EndGlobal
