Microsoft Visual Studio Solution File, Format Version 12.00
# Visual Studio Version 17
VisualStudioVersion = 17.5.2.0
MinimumVisualStudioVersion = 10.0.40219.1
Project("{FAE04EC0-301F-11D3-BF4B-00C04F79EFBC}") = "Gascar", "Gascar\Gascar.csproj", "{8F0302EF-4D2E-8DDF-EB6D-017025B39CAF}"
EndProject
Global
	GlobalSection(SolutionConfigurationPlatforms) = preSolution
		Debug|Any CPU = Debug|Any CPU
		Release|Any CPU = Release|Any CPU
	EndGlobalSection
	GlobalSection(ProjectConfigurationPlatforms) = postSolution
		{8F0302EF-4D2E-8DDF-EB6D-017025B39CAF}.Debug|Any CPU.ActiveCfg = Debug|Any CPU
		{8F0302EF-4D2E-8DDF-EB6D-017025B39CAF}.Debug|Any CPU.Build.0 = Debug|Any CPU
		{8F0302EF-4D2E-8DDF-EB6D-017025B39CAF}.Release|Any CPU.ActiveCfg = Release|Any CPU
		{8F0302EF-4D2E-8DDF-EB6D-017025B39CAF}.Release|Any CPU.Build.0 = Release|Any CPU
	EndGlobalSection
	GlobalSection(SolutionProperties) = preSolution
		HideSolutionNode = FALSE
	EndGlobalSection
	GlobalSection(ExtensibilityGlobals) = postSolution
		SolutionGuid = {7ECA0E8D-7F02-4C83-B697-41598E82968E}
	EndGlobalSection
EndGlobal
